
Microsoft Visual Studio Solution File, Format Version 12.00
# Visual Studio Version 16
VisualStudioVersion = 16.0.30011.22
MinimumVisualStudioVersion = 10.0.40219.1
Project("{FAE04EC0-301F-11D3-BF4B-00C04F79EFBC}") = "QuikZIV", "QuikZIV\QuikZIV.csproj", "{3D94C419-C4E1-4687-8FB2-6D20C5065672}"
EndProject
Global
	GlobalSection(SolutionConfigurationPlatforms) = preSolution
		Debug|Any CPU = Debug|Any CPU
		Release|Any CPU = Release|Any CPU
	EndGlobalSection
	GlobalSection(ProjectConfigurationPlatforms) = postSolution
		{3D94C419-C4E1-4687-8FB2-6D20C5065672}.Debug|Any CPU.ActiveCfg = Debug|Any CPU
		{3D94C419-C4E1-4687-8FB2-6D20C5065672}.Debug|Any CPU.Build.0 = Debug|Any CPU
		{3D94C419-C4E1-4687-8FB2-6D20C5065672}.Release|Any CPU.ActiveCfg = Release|Any CPU
		{3D94C419-C4E1-4687-8FB2-6D20C5065672}.Release|Any CPU.Build.0 = Release|Any CPU
	EndGlobalSection
	GlobalSection(SolutionProperties) = preSolution
		HideSolutionNode = FALSE
	EndGlobalSection
	GlobalSection(ExtensibilityGlobals) = postSolution
		SolutionGuid = {A2AFA762-16F1-4DDA-B4B5-D5C7F2DF78F1}
	EndGlobalSection
EndGlobal
